
Microsoft Visual Studio Solution File, Format Version 12.00
# Visual Studio Version 16
VisualStudioVersion = 16.0.31321.278
MinimumVisualStudioVersion = 10.0.40219.1
Project("{FAE04EC0-301F-11D3-BF4B-00C04F79EFBC}") = "BusinessLogic", "BusinessLogic\BusinessLogic.csproj", "{99B89888-73EF-48D0-8808-A9D1608A6F3A}"
EndProject
Project("{FAE04EC0-301F-11D3-BF4B-00C04F79EFBC}") = "BusinessLogic.Test", "BusinessLogic.Test\BusinessLogic.Test.csproj", "{E6421213-9E24-43B1-B6F8-30067B638742}"
EndProject
Project("{FAE04EC0-301F-11D3-BF4B-00C04F79EFBC}") = "LocalStorage", "LocalStorage\LocalStorage.csproj", "{438E1EAA-CD81-40DD-816D-3C5B231890CF}"
EndProject
Project("{FAE04EC0-301F-11D3-BF4B-00C04F79EFBC}") = "LocalStorage.Test", "LocalStorage.Test\LocalStorage.Test.csproj", "{A9B3A227-78E4-4363-8F01-14A5311A4D32}"
EndProject
Project("{FAE04EC0-301F-11D3-BF4B-00C04F79EFBC}") = "ContactsUI", "ContactsUI\ContactsUI.csproj", "{3BA28EE2-5AD8-4D7F-AC15-1CB000748A87}"
EndProject
Global
	GlobalSection(SolutionConfigurationPlatforms) = preSolution
		Debug|Any CPU = Debug|Any CPU
		Release|Any CPU = Release|Any CPU
	EndGlobalSection
	GlobalSection(ProjectConfigurationPlatforms) = postSolution
		{99B89888-73EF-48D0-8808-A9D1608A6F3A}.Debug|Any CPU.ActiveCfg = Debug|Any CPU
		{99B89888-73EF-48D0-8808-A9D1608A6F3A}.Debug|Any CPU.Build.0 = Debug|Any CPU
		{99B89888-73EF-48D0-8808-A9D1608A6F3A}.Release|Any CPU.ActiveCfg = Release|Any CPU
		{99B89888-73EF-48D0-8808-A9D1608A6F3A}.Release|Any CPU.Build.0 = Release|Any CPU
		{E6421213-9E24-43B1-B6F8-30067B638742}.Debug|Any CPU.ActiveCfg = Debug|Any CPU
		{E6421213-9E24-43B1-B6F8-30067B638742}.Debug|Any CPU.Build.0 = Debug|Any CPU
		{E6421213-9E24-43B1-B6F8-30067B638742}.Release|Any CPU.ActiveCfg = Release|Any CPU
		{E6421213-9E24-43B1-B6F8-30067B638742}.Release|Any CPU.Build.0 = Release|Any CPU
		{438E1EAA-CD81-40DD-816D-3C5B231890CF}.Debug|Any CPU.ActiveCfg = Debug|Any CPU
		{438E1EAA-CD81-40DD-816D-3C5B231890CF}.Debug|Any CPU.Build.0 = Debug|Any CPU
		{438E1EAA-CD81-40DD-816D-3C5B231890CF}.Release|Any CPU.ActiveCfg = Release|Any CPU
		{438E1EAA-CD81-40DD-816D-3C5B231890CF}.Release|Any CPU.Build.0 = Release|Any CPU
		{A9B3A227-78E4-4363-8F01-14A5311A4D32}.Debug|Any CPU.ActiveCfg = Debug|Any CPU
		{A9B3A227-78E4-4363-8F01-14A5311A4D32}.Debug|Any CPU.Build.0 = Debug|Any CPU
		{A9B3A227-78E4-4363-8F01-14A5311A4D32}.Release|Any CPU.ActiveCfg = Release|Any CPU
		{A9B3A227-78E4-4363-8F01-14A5311A4D32}.Release|Any CPU.Build.0 = Release|Any CPU
		{3BA28EE2-5AD8-4D7F-AC15-1CB000748A87}.Debug|Any CPU.ActiveCfg = Debug|Any CPU
		{3BA28EE2-5AD8-4D7F-AC15-1CB000748A87}.Debug|Any CPU.Build.0 = Debug|Any CPU
		{3BA28EE2-5AD8-4D7F-AC15-1CB000748A87}.Release|Any CPU.ActiveCfg = Release|Any CPU
		{3BA28EE2-5AD8-4D7F-AC15-1CB000748A87}.Release|Any CPU.Build.0 = Release|Any CPU
	EndGlobalSection
	GlobalSection(SolutionProperties) = preSolution
		HideSolutionNode = FALSE
	EndGlobalSection
	GlobalSection(ExtensibilityGlobals) = postSolution
		SolutionGuid = {F2CEE9C3-6245-4FF6-B7F5-22E2A6BE1A79}
	EndGlobalSection
EndGlobal
